
Microsoft Visual Studio Solution File, Format Version 12.00
# Visual Studio Version 16
VisualStudioVersion = 16.0.29418.71
MinimumVisualStudioVersion = 10.0.40219.1
Project("{9A19103F-16F7-4668-BE54-9A1E7A4F7556}") = "DropBox", "DropBox\DropBox.csproj", "{CE41AD26-955A-4C87-BEFC-8C6A6898F165}"
EndProject
Project("{9A19103F-16F7-4668-BE54-9A1E7A4F7556}") = "Models", "Models\Models.csproj", "{BA539926-A9FE-4BA8-892D-6C9A1E7F144B}"
EndProject
Project("{9A19103F-16F7-4668-BE54-9A1E7A4F7556}") = "WpfDropBoxClient", "WpfDropBoxClient\WpfDropBoxClient.csproj", "{CF3F5C9F-A890-4D7D-B91A-D6A908C6A469}"
EndProject
Global
	GlobalSection(SolutionConfigurationPlatforms) = preSolution
		Debug|Any CPU = Debug|Any CPU
		Release|Any CPU = Release|Any CPU
	EndGlobalSection
	GlobalSection(ProjectConfigurationPlatforms) = postSolution
		{CE41AD26-955A-4C87-BEFC-8C6A6898F165}.Debug|Any CPU.ActiveCfg = Debug|Any CPU
		{CE41AD26-955A-4C87-BEFC-8C6A6898F165}.Debug|Any CPU.Build.0 = Debug|Any CPU
		{CE41AD26-955A-4C87-BEFC-8C6A6898F165}.Release|Any CPU.ActiveCfg = Release|Any CPU
		{CE41AD26-955A-4C87-BEFC-8C6A6898F165}.Release|Any CPU.Build.0 = Release|Any CPU
		{BA539926-A9FE-4BA8-892D-6C9A1E7F144B}.Debug|Any CPU.ActiveCfg = Debug|Any CPU
		{BA539926-A9FE-4BA8-892D-6C9A1E7F144B}.Debug|Any CPU.Build.0 = Debug|Any CPU
		{BA539926-A9FE-4BA8-892D-6C9A1E7F144B}.Release|Any CPU.ActiveCfg = Release|Any CPU
		{BA539926-A9FE-4BA8-892D-6C9A1E7F144B}.Release|Any CPU.Build.0 = Release|Any CPU
		{CF3F5C9F-A890-4D7D-B91A-D6A908C6A469}.Debug|Any CPU.ActiveCfg = Debug|Any CPU
		{CF3F5C9F-A890-4D7D-B91A-D6A908C6A469}.Debug|Any CPU.Build.0 = Debug|Any CPU
		{CF3F5C9F-A890-4D7D-B91A-D6A908C6A469}.Release|Any CPU.ActiveCfg = Release|Any CPU
		{CF3F5C9F-A890-4D7D-B91A-D6A908C6A469}.Release|Any CPU.Build.0 = Release|Any CPU
	EndGlobalSection
	GlobalSection(SolutionProperties) = preSolution
		HideSolutionNode = FALSE
	EndGlobalSection
	GlobalSection(ExtensibilityGlobals) = postSolution
		SolutionGuid = {92BE8C8D-063E-4DEA-835D-9CB23B125D45}
	EndGlobalSection
EndGlobal
